
Microsoft Visual Studio Solution File, Format Version 12.00
# Visual Studio Version 16
VisualStudioVersion = 16.0.31129.286
MinimumVisualStudioVersion = 10.0.40219.1
Project("{FAE04EC0-301F-11D3-BF4B-00C04F79EFBC}") = "Bandomoji uzduotis", "Bandomoji uzduotis.csproj", "{4AE2D580-0694-4303-BA61-EE0E02254B95}"
EndProject
Global
	GlobalSection(SolutionConfigurationPlatforms) = preSolution
		Debug|Any CPU = Debug|Any CPU
		Release|Any CPU = Release|Any CPU
	EndGlobalSection
	GlobalSection(ProjectConfigurationPlatforms) = postSolution
		{4AE2D580-0694-4303-BA61-EE0E02254B95}.Debug|Any CPU.ActiveCfg = Debug|Any CPU
		{4AE2D580-0694-4303-BA61-EE0E02254B95}.Debug|Any CPU.Build.0 = Debug|Any CPU
		{4AE2D580-0694-4303-BA61-EE0E02254B95}.Release|Any CPU.ActiveCfg = Release|Any CPU
		{4AE2D580-0694-4303-BA61-EE0E02254B95}.Release|Any CPU.Build.0 = Release|Any CPU
	EndGlobalSection
	GlobalSection(SolutionProperties) = preSolution
		HideSolutionNode = FALSE
	EndGlobalSection
	GlobalSection(ExtensibilityGlobals) = postSolution
		SolutionGuid = {15203029-5003-4991-9EF9-830A6A4B9636}
	EndGlobalSection
EndGlobal
